github.com/sstallion/go-hid v0.14.0 h1:bSCzyw5E9lGrdQb1NXgRYfmf/z+B+DfSftDlmjOMbfk=
github.com/sstallion/go-hid v0.14.0/go.mod h1:UaqSxWjbdX9mId5JiqsMAnVtZymx/GSvQMgnzHMks2M=
github.com/sstallion/go-hid v0.14.1 h1:shbZlKqv5fr1KnxwqtLEPGkOoA6OSUWTx9TblegATvc=
github.com/sstallion/go-hid v0.14.1/go.mod h1:fPKp4rqx0xuoTV94gwKojsPG++KNKhxuU88goGuGM7I=
golang.org/x/sys v0.9.0 h1:KS/R3tvhPqvJvwcKfnBHJwwthS11LRhmM5D59eEXa0s=
golang.org/x/sys v0.9.0/go.mod h1:oPkhp1MJrh7nUepCBck5+mAzfO9JrbApNNgaTdGDITg=
